
Microsoft Visual Studio Solution File, Format Version 12.00
Project("{FAE04EC0-301F-11D3-BF4B-00C04F79EFBC}") = "ControleFinanceiro.API", "ControleFinanceiro.API\ControleFinanceiro.API.csproj", "{DEEACBFC-618D-4EEE-AE8C-5DC8B7949F66}"
EndProject
Project("{FAE04EC0-301F-11D3-BF4B-00C04F79EFBC}") = "ControleFinanceiro.Domain", "ControleFinanceiro.Domain\ControleFinanceiro.Domain.csproj", "{5F16E059-E468-42C5-8249-A219E30E035B}"
EndProject
Project("{FAE04EC0-301F-11D3-BF4B-00C04F79EFBC}") = "ControleFinanceiro.Application", "ControleFinanceiro.Application\ControleFinanceiro.Application.csproj", "{3F79A41A-A156-4809-BF9E-D9AD10F4D0B9}"
EndProject
Project("{FAE04EC0-301F-11D3-BF4B-00C04F79EFBC}") = "ControleFinanceiro.Infrastructure", "ControleFinanceiro.Infrastructure\ControleFinanceiro.Infrastructure.csproj", "{32F1F8E2-2585-47C8-BAA6-2254DF27CA53}"
EndProject
Global
	GlobalSection(SolutionConfigurationPlatforms) = preSolution
		Debug|Any CPU = Debug|Any CPU
		Release|Any CPU = Release|Any CPU
	EndGlobalSection
	GlobalSection(ProjectConfigurationPlatforms) = postSolution
		{DEEACBFC-618D-4EEE-AE8C-5DC8B7949F66}.Debug|Any CPU.ActiveCfg = Debug|Any CPU
		{DEEACBFC-618D-4EEE-AE8C-5DC8B7949F66}.Debug|Any CPU.Build.0 = Debug|Any CPU
		{DEEACBFC-618D-4EEE-AE8C-5DC8B7949F66}.Release|Any CPU.ActiveCfg = Release|Any CPU
		{DEEACBFC-618D-4EEE-AE8C-5DC8B7949F66}.Release|Any CPU.Build.0 = Release|Any CPU
		{5F16E059-E468-42C5-8249-A219E30E035B}.Debug|Any CPU.ActiveCfg = Debug|Any CPU
		{5F16E059-E468-42C5-8249-A219E30E035B}.Debug|Any CPU.Build.0 = Debug|Any CPU
		{5F16E059-E468-42C5-8249-A219E30E035B}.Release|Any CPU.ActiveCfg = Release|Any CPU
		{5F16E059-E468-42C5-8249-A219E30E035B}.Release|Any CPU.Build.0 = Release|Any CPU
		{3F79A41A-A156-4809-BF9E-D9AD10F4D0B9}.Debug|Any CPU.ActiveCfg = Debug|Any CPU
		{3F79A41A-A156-4809-BF9E-D9AD10F4D0B9}.Debug|Any CPU.Build.0 = Debug|Any CPU
		{3F79A41A-A156-4809-BF9E-D9AD10F4D0B9}.Release|Any CPU.ActiveCfg = Release|Any CPU
		{3F79A41A-A156-4809-BF9E-D9AD10F4D0B9}.Release|Any CPU.Build.0 = Release|Any CPU
		{32F1F8E2-2585-47C8-BAA6-2254DF27CA53}.Debug|Any CPU.ActiveCfg = Debug|Any CPU
		{32F1F8E2-2585-47C8-BAA6-2254DF27CA53}.Debug|Any CPU.Build.0 = Debug|Any CPU
		{32F1F8E2-2585-47C8-BAA6-2254DF27CA53}.Release|Any CPU.ActiveCfg = Release|Any CPU
		{32F1F8E2-2585-47C8-BAA6-2254DF27CA53}.Release|Any CPU.Build.0 = Release|Any CPU
	EndGlobalSection
EndGlobal
